// !$*UTF8*$!
{
	archiveVersion = 1;
	classes = {
	};
	objectVersion = 56;
	objects = {

/* Begin PBXBuildFile section */
		AD11737029B5521600B6296B /* AppDelegate.swift in Sources */ = {isa = PBXBuildFile; fileRef = AD11736F29B5521600B6296B /* AppDelegate.swift */; };
		AD11737229B5521600B6296B /* SceneDelegate.swift in Sources */ = {isa = PBXBuildFile; fileRef = AD11737129B5521600B6296B /* SceneDelegate.swift */; };
		AD11737429B5521600B6296B /* MainTabbarViewController.swift in Sources */ = {isa = PBXBuildFile; fileRef = AD11737329B5521600B6296B /* MainTabbarViewController.swift */; };
		AD11737929B5521700B6296B /* Assets.xcassets in Resources */ = {isa = PBXBuildFile; fileRef = AD11737829B5521700B6296B /* Assets.xcassets */; };
		AD11737C29B5521700B6296B /* LaunchScreen.storyboard in Resources */ = {isa = PBXBuildFile; fileRef = AD11737A29B5521700B6296B /* LaunchScreen.storyboard */; };
		AD11738729B5545E00B6296B /* HomeViewController.swift in Sources */ = {isa = PBXBuildFile; fileRef = AD11738629B5545E00B6296B /* HomeViewController.swift */; };
		AD11738929B558AD00B6296B /* WorldsViewController.swift in Sources */ = {isa = PBXBuildFile; fileRef = AD11738829B558AD00B6296B /* WorldsViewController.swift */; };
		AD11738B29B558B700B6296B /* FriendListViewController.swift in Sources */ = {isa = PBXBuildFile; fileRef = AD11738A29B558B700B6296B /* FriendListViewController.swift */; };
		AD11738D29B558BF00B6296B /* SearchViewController.swift in Sources */ = {isa = PBXBuildFile; fileRef = AD11738C29B558BF00B6296B /* SearchViewController.swift */; };
		AD11739129B5599200B6296B /* Constants.swift in Sources */ = {isa = PBXBuildFile; fileRef = AD11739029B5599200B6296B /* Constants.swift */; };
		AD11739329B560D800B6296B /* NewsTableViewCell.swift in Sources */ = {isa = PBXBuildFile; fileRef = AD11739229B560D800B6296B /* NewsTableViewCell.swift */; };
		AD11739629B561B300B6296B /* NewsTableViewCellViewModel.swift in Sources */ = {isa = PBXBuildFile; fileRef = AD11739529B561B300B6296B /* NewsTableViewCellViewModel.swift */; };
		AD11739829B564C100B6296B /* Extensions.swift in Sources */ = {isa = PBXBuildFile; fileRef = AD11739729B564C100B6296B /* Extensions.swift */; };
/* End PBXBuildFile section */

/* Begin PBXFileReference section */
		AD11736C29B5521600B6296B /* tibia.app */ = {isa = PBXFileReference; explicitFileType = wrapper.application; includeInIndex = 0; path = tibia.app; sourceTree = BUILT_PRODUCTS_DIR; };
		AD11736F29B5521600B6296B /* AppDelegate.swift */ = {isa = PBXFileReference; lastKnownFileType = sourcecode.swift; path = AppDelegate.swift; sourceTree = "<group>"; };
		AD11737129B5521600B6296B /* SceneDelegate.swift */ = {isa = PBXFileReference; lastKnownFileType = sourcecode.swift; path = SceneDelegate.swift; sourceTree = "<group>"; };
		AD11737329B5521600B6296B /* MainTabbarViewController.swift */ = {isa = PBXFileReference; lastKnownFileType = sourcecode.swift; path = MainTabbarViewController.swift; sourceTree = "<group>"; };
		AD11737829B5521700B6296B /* Assets.xcassets */ = {isa = PBXFileReference; lastKnownFileType = folder.assetcatalog; path = Assets.xcassets; sourceTree = "<group>"; };
		AD11737B29B5521700B6296B /* Base */ = {isa = PBXFileReference; lastKnownFileType = file.storyboard; name = Base; path = Base.lproj/LaunchScreen.storyboard; sourceTree = "<group>"; };
		AD11737D29B5521700B6296B /* Info.plist */ = {isa = PBXFileReference; lastKnownFileType = text.plist.xml; path = Info.plist; sourceTree = "<group>"; };
		AD11738629B5545E00B6296B /* HomeViewController.swift */ = {isa = PBXFileReference; lastKnownFileType = sourcecode.swift; path = HomeViewController.swift; sourceTree = "<group>"; };
		AD11738829B558AD00B6296B /* WorldsViewController.swift */ = {isa = PBXFileReference; lastKnownFileType = sourcecode.swift; path = WorldsViewController.swift; sourceTree = "<group>"; };
		AD11738A29B558B700B6296B /* FriendListViewController.swift */ = {isa = PBXFileReference; lastKnownFileType = sourcecode.swift; path = FriendListViewController.swift; sourceTree = "<group>"; };
		AD11738C29B558BF00B6296B /* SearchViewController.swift */ = {isa = PBXFileReference; lastKnownFileType = sourcecode.swift; path = SearchViewController.swift; sourceTree = "<group>"; };
		AD11739029B5599200B6296B /* Constants.swift */ = {isa = PBXFileReference; lastKnownFileType = sourcecode.swift; path = Constants.swift; sourceTree = "<group>"; };
		AD11739229B560D800B6296B /* NewsTableViewCell.swift */ = {isa = PBXFileReference; lastKnownFileType = sourcecode.swift; path = NewsTableViewCell.swift; sourceTree = "<group>"; };
		AD11739529B561B300B6296B /* NewsTableViewCellViewModel.swift */ = {isa = PBXFileReference; lastKnownFileType = sourcecode.swift; path = NewsTableViewCellViewModel.swift; sourceTree = "<group>"; };
		AD11739729B564C100B6296B /* Extensions.swift */ = {isa = PBXFileReference; lastKnownFileType = sourcecode.swift; path = Extensions.swift; sourceTree = "<group>"; };
/* End PBXFileReference section */

/* Begin PBXFrameworksBuildPhase section */
		AD11736929B5521600B6296B /* Frameworks */ = {
			isa = PBXFrameworksBuildPhase;
			buildActionMask = 2147483647;
			files = (
			);
			runOnlyForDeploymentPostprocessing = 0;
		};
/* End PBXFrameworksBuildPhase section */

/* Begin PBXGroup section */
		AD11736329B5521500B6296B = {
			isa = PBXGroup;
			children = (
				AD11736E29B5521600B6296B /* tibia */,
				AD11736D29B5521600B6296B /* Products */,
			);
			sourceTree = "<group>";
		};
		AD11736D29B5521600B6296B /* Products */ = {
			isa = PBXGroup;
			children = (
				AD11736C29B5521600B6296B /* tibia.app */,
			);
			name = Products;
			sourceTree = "<group>";
		};
		AD11736E29B5521600B6296B /* tibia */ = {
			isa = PBXGroup;
			children = (
				AD11738F29B5597B00B6296B /* Classes */,
				AD11738429B5541600B6296B /* Resources */,
				AD11739429B5617D00B6296B /* ViewModels */,
				AD11738529B5543000B6296B /* Views */,
				AD11738329B5540100B6296B /* Controllers */,
				AD11737D29B5521700B6296B /* Info.plist */,
			);
			path = tibia;
			sourceTree = "<group>";
		};
		AD11738329B5540100B6296B /* Controllers */ = {
			isa = PBXGroup;
			children = (
				AD11737329B5521600B6296B /* MainTabbarViewController.swift */,
				AD11738629B5545E00B6296B /* HomeViewController.swift */,
				AD11738829B558AD00B6296B /* WorldsViewController.swift */,
				AD11738A29B558B700B6296B /* FriendListViewController.swift */,
				AD11738C29B558BF00B6296B /* SearchViewController.swift */,
			);
			path = Controllers;
			sourceTree = "<group>";
		};
		AD11738429B5541600B6296B /* Resources */ = {
			isa = PBXGroup;
			children = (
				AD11736F29B5521600B6296B /* AppDelegate.swift */,
				AD11737129B5521600B6296B /* SceneDelegate.swift */,
				AD11737829B5521700B6296B /* Assets.xcassets */,
			);
			path = Resources;
			sourceTree = "<group>";
		};
		AD11738529B5543000B6296B /* Views */ = {
			isa = PBXGroup;
			children = (
				AD11737A29B5521700B6296B /* LaunchScreen.storyboard */,
				AD11739229B560D800B6296B /* NewsTableViewCell.swift */,
			);
			path = Views;
			sourceTree = "<group>";
		};
		AD11738F29B5597B00B6296B /* Classes */ = {
			isa = PBXGroup;
			children = (
				AD11739029B5599200B6296B /* Constants.swift */,
				AD11739729B564C100B6296B /* Extensions.swift */,
			);
			path = Classes;
			sourceTree = "<group>";
		};
		AD11739429B5617D00B6296B /* ViewModels */ = {
			isa = PBXGroup;
			children = (
				AD11739529B561B300B6296B /* NewsTableViewCellViewModel.swift */,
			);
			path = ViewModels;
			sourceTree = "<group>";
		};
/* End PBXGroup section */

/* Begin PBXNativeTarget section */
		AD11736B29B5521600B6296B /* tibia */ = {
			isa = PBXNativeTarget;
			buildConfigurationList = AD11738029B5521700B6296B /* Build configuration list for PBXNativeTarget "tibia" */;
			buildPhases = (
				AD11736829B5521600B6296B /* Sources */,
				AD11736929B5521600B6296B /* Frameworks */,
				AD11736A29B5521600B6296B /* Resources */,
			);
			buildRules = (
			);
			dependencies = (
			);
			name = tibia;
			productName = tibia;
			productReference = AD11736C29B5521600B6296B /* tibia.app */;
			productType = "com.apple.product-type.application";
		};
/* End PBXNativeTarget section */

/* Begin PBXProject section */
		AD11736429B5521600B6296B /* Project object */ = {
			isa = PBXProject;
			attributes = {
				BuildIndependentTargetsInParallel = 1;
				LastSwiftUpdateCheck = 1420;
				LastUpgradeCheck = 1420;
				TargetAttributes = {
					AD11736B29B5521600B6296B = {
						CreatedOnToolsVersion = 14.2;
					};
				};
			};
			buildConfigurationList = AD11736729B5521600B6296B /* Build configuration list for PBXProject "tibia" */;
			compatibilityVersion = "Xcode 14.0";
			developmentRegion = en;
			hasScannedForEncodings = 0;
			knownRegions = (
				en,
				Base,
			);
			mainGroup = AD11736329B5521500B6296B;
			productRefGroup = AD11736D29B5521600B6296B /* Products */;
			projectDirPath = "";
			projectRoot = "";
			targets = (
				AD11736B29B5521600B6296B /* tibia */,
			);
		};
/* End PBXProject section */

/* Begin PBXResourcesBuildPhase section */
		AD11736A29B5521600B6296B /* Resources */ = {
			isa = PBXResourcesBuildPhase;
			buildActionMask = 2147483647;
			files = (
				AD11737C29B5521700B6296B /* LaunchScreen.storyboard in Resources */,
				AD11737929B5521700B6296B /* Assets.xcassets in Resources */,
			);
			runOnlyForDeploymentPostprocessing = 0;
		};
/* End PBXResourcesBuildPhase section */

/* Begin PBXSourcesBuildPhase section */
		AD11736829B5521600B6296B /* Sources */ = {
			isa = PBXSourcesBuildPhase;
			buildActionMask = 2147483647;
			files = (
				AD11737429B5521600B6296B /* MainTabbarViewController.swift in Sources */,
				AD11738D29B558BF00B6296B /* SearchViewController.swift in Sources */,
				AD11737029B5521600B6296B /* AppDelegate.swift in Sources */,
				AD11738B29B558B700B6296B /* FriendListViewController.swift in Sources */,
				AD11737229B5521600B6296B /* SceneDelegate.swift in Sources */,
				AD11738729B5545E00B6296B /* HomeViewController.swift in Sources */,
				AD11739629B561B300B6296B /* NewsTableViewCellViewModel.swift in Sources */,
				AD11738929B558AD00B6296B /* WorldsViewController.swift in Sources */,
				AD11739129B5599200B6296B /* Constants.swift in Sources */,
				AD11739829B564C100B6296B /* Extensions.swift in Sources */,
				AD11739329B560D800B6296B /* NewsTableViewCell.swift in Sources */,
			);
			runOnlyForDeploymentPostprocessing = 0;
		};
/* End PBXSourcesBuildPhase section */

/* Begin PBXVariantGroup section */
		AD11737A29B5521700B6296B /* LaunchScreen.storyboard */ = {
			isa = PBXVariantGroup;
			children = (
				AD11737B29B5521700B6296B /* Base */,
			);
			name = LaunchScreen.storyboard;
			sourceTree = "<group>";
		};
/* End PBXVariantGroup section */

/* Begin XCBuildConfiguration section */
		AD11737E29B5521700B6296B /* Debug */ = {
			isa = XCBuildConfiguration;
			buildSettings = {
				ALWAYS_SEARCH_USER_PATHS = NO;
				CLANG_ANALYZER_NONNULL = YES;
				CLANG_ANALYZER_NUMBER_OBJECT_CONVERSION = YES_AGGRESSIVE;
				CLANG_CXX_LANGUAGE_STANDARD = "gnu++20";
				CLANG_ENABLE_MODULES = YES;
				CLANG_ENABLE_OBJC_ARC = YES;
				CLANG_ENABLE_OBJC_WEAK = YES;
				CLANG_WARN_BLOCK_CAPTURE_AUTORELEASING = YES;
				CLANG_WARN_BOOL_CONVERSION = YES;
				CLANG_WARN_COMMA = YES;
				CLANG_WARN_CONSTANT_CONVERSION = YES;
				CLANG_WARN_DEPRECATED_OBJC_IMPLEMENTATIONS = YES;
				CLANG_WARN_DIRECT_OBJC_ISA_USAGE = YES_ERROR;
				CLANG_WARN_DOCUMENTATION_COMMENTS = YES;
				CLANG_WARN_EMPTY_BODY = YES;
				CLANG_WARN_ENUM_CONVERSION = YES;
				CLANG_WARN_INFINITE_RECURSION = YES;
				CLANG_WARN_INT_CONVERSION = YES;
				CLANG_WARN_NON_LITERAL_NULL_CONVERSION = YES;
				CLANG_WARN_OBJC_IMPLICIT_RETAIN_SELF = YES;
				CLANG_WARN_OBJC_LITERAL_CONVERSION = YES;
				CLANG_WARN_OBJC_ROOT_CLASS = YES_ERROR;
				CLANG_WARN_QUOTED_INCLUDE_IN_FRAMEWORK_HEADER = YES;
				CLANG_WARN_RANGE_LOOP_ANALYSIS = YES;
				CLANG_WARN_STRICT_PROTOTYPES = YES;
				CLANG_WARN_SUSPICIOUS_MOVE = YES;
				CLANG_WARN_UNGUARDED_AVAILABILITY = YES_AGGRESSIVE;
				CLANG_WARN_UNREACHABLE_CODE = YES;
				CLANG_WARN__DUPLICATE_METHOD_MATCH = YES;
				COPY_PHASE_STRIP = NO;
				DEBUG_INFORMATION_FORMAT = dwarf;
				ENABLE_STRICT_OBJC_MSGSEND = YES;
				ENABLE_TESTABILITY = YES;
				GCC_C_LANGUAGE_STANDARD = gnu11;
				GCC_DYNAMIC_NO_PIC = NO;
				GCC_NO_COMMON_BLOCKS = YES;
				GCC_OPTIMIZATION_LEVEL = 0;
				GCC_PREPROCESSOR_DEFINITIONS = (
					"DEBUG=1",
					"$(inherited)",
				);
				GCC_WARN_64_TO_32_BIT_CONVERSION = YES;
				GCC_WARN_ABOUT_RETURN_TYPE = YES_ERROR;
				GCC_WARN_UNDECLARED_SELECTOR = YES;
				GCC_WARN_UNINITIALIZED_AUTOS = YES_AGGRESSIVE;
				GCC_WARN_UNUSED_FUNCTION = YES;
				GCC_WARN_UNUSED_VARIABLE = YES;
				IPHONEOS_DEPLOYMENT_TARGET = 16.2;
				MTL_ENABLE_DEBUG_INFO = INCLUDE_SOURCE;
				MTL_FAST_MATH = YES;
				ONLY_ACTIVE_ARCH = YES;
				SDKROOT = iphoneos;
				SWIFT_ACTIVE_COMPILATION_CONDITIONS = DEBUG;
				SWIFT_OPTIMIZATION_LEVEL = "-Onone";
			};
			name = Debug;
		};
		AD11737F29B5521700B6296B /* Release */ = {
			isa = XCBuildConfiguration;
			buildSettings = {
				ALWAYS_SEARCH_USER_PATHS = NO;
				CLANG_ANALYZER_NONNULL = YES;
				CLANG_ANALYZER_NUMBER_OBJECT_CONVERSION = YES_AGGRESSIVE;
				CLANG_CXX_LANGUAGE_STANDARD = "gnu++20";
				CLANG_ENABLE_MODULES = YES;
				CLANG_ENABLE_OBJC_ARC = YES;
				CLANG_ENABLE_OBJC_WEAK = YES;
				CLANG_WARN_BLOCK_CAPTURE_AUTORELEASING = YES;
				CLANG_WARN_BOOL_CONVERSION = YES;
				CLANG_WARN_COMMA = YES;
				CLANG_WARN_CONSTANT_CONVERSION = YES;
				CLANG_WARN_DEPRECATED_OBJC_IMPLEMENTATIONS = YES;
				CLANG_WARN_DIRECT_OBJC_ISA_USAGE = YES_ERROR;
				CLANG_WARN_DOCUMENTATION_COMMENTS = YES;
				CLANG_WARN_EMPTY_BODY = YES;
				CLANG_WARN_ENUM_CONVERSION = YES;
				CLANG_WARN_INFINITE_RECURSION = YES;
				CLANG_WARN_INT_CONVERSION = YES;
				CLANG_WARN_NON_LITERAL_NULL_CONVERSION = YES;
				CLANG_WARN_OBJC_IMPLICIT_RETAIN_SELF = YES;
				CLANG_WARN_OBJC_LITERAL_CONVERSION = YES;
				CLANG_WARN_OBJC_ROOT_CLASS = YES_ERROR;
				CLANG_WARN_QUOTED_INCLUDE_IN_FRAMEWORK_HEADER = YES;
				CLANG_WARN_RANGE_LOOP_ANALYSIS = YES;
				CLANG_WARN_STRICT_PROTOTYPES = YES;
				CLANG_WARN_SUSPICIOUS_MOVE = YES;
				CLANG_WARN_UNGUARDED_AVAILABILITY = YES_AGGRESSIVE;
				CLANG_WARN_UNREACHABLE_CODE = YES;
				CLANG_WARN__DUPLICATE_METHOD_MATCH = YES;
				COPY_PHASE_STRIP = NO;
				DEBUG_INFORMATION_FORMAT = "dwarf-with-dsym";
				ENABLE_NS_ASSERTIONS = NO;
				ENABLE_STRICT_OBJC_MSGSEND = YES;
				GCC_C_LANGUAGE_STANDARD = gnu11;
				GCC_NO_COMMON_BLOCKS = YES;
				GCC_WARN_64_TO_32_BIT_CONVERSION = YES;
				GCC_WARN_ABOUT_RETURN_TYPE = YES_ERROR;
				GCC_WARN_UNDECLARED_SELECTOR = YES;
				GCC_WARN_UNINITIALIZED_AUTOS = YES_AGGRESSIVE;
				GCC_WARN_UNUSED_FUNCTION = YES;
				GCC_WARN_UNUSED_VARIABLE = YES;
				IPHONEOS_DEPLOYMENT_TARGET = 16.2;
				MTL_ENABLE_DEBUG_INFO = NO;
				MTL_FAST_MATH = YES;
				SDKROOT = iphoneos;
				SWIFT_COMPILATION_MODE = wholemodule;
				SWIFT_OPTIMIZATION_LEVEL = "-O";
				VALIDATE_PRODUCT = YES;
			};
			name = Release;
		};
		AD11738129B5521700B6296B /* Debug */ = {
			isa = XCBuildConfiguration;
			buildSettings = {
				ASSETCATALOG_COMPILER_APPICON_NAME = AppIcon;
				ASSETCATALOG_COMPILER_GLOBAL_ACCENT_COLOR_NAME = AccentColor;
				CODE_SIGN_STYLE = Automatic;
				CURRENT_PROJECT_VERSION = 1;
				DEVELOPMENT_TEAM = 58Q6YM73XT;
				GENERATE_INFOPLIST_FILE = YES;
				INFOPLIST_FILE = tibia/Info.plist;
				INFOPLIST_KEY_UIApplicationSupportsIndirectInputEvents = YES;
				INFOPLIST_KEY_UILaunchStoryboardName = LaunchScreen;
				INFOPLIST_KEY_UISupportedInterfaceOrientations_iPad = "UIInterfaceOrientationPortrait UIInterfaceOrientationPortraitUpsideDown UIInterfaceOrientationLandscapeLeft UIInterfaceOrientationLandscapeRight";
				INFOPLIST_KEY_UISupportedInterfaceOrientations_iPhone = "UIInterfaceOrientationPortrait UIInterfaceOrientationLandscapeLeft UIInterfaceOrientationLandscapeRight";
				IPHONEOS_DEPLOYMENT_TARGET = 16.0;
				LD_RUNPATH_SEARCH_PATHS = (
					"$(inherited)",
					"@executable_path/Frameworks",
				);
				MARKETING_VERSION = 1.0;
				PRODUCT_BUNDLE_IDENTIFIER = com.allexis.tibia;
				PRODUCT_NAME = "$(TARGET_NAME)";
				SWIFT_EMIT_LOC_STRINGS = YES;
				SWIFT_VERSION = 5.0;
				TARGETED_DEVICE_FAMILY = "1,2";
			};
			name = Debug;
		};
		AD11738229B5521700B6296B /* Release */ = {
			isa = XCBuildConfiguration;
			buildSettings = {
				ASSETCATALOG_COMPILER_APPICON_NAME = AppIcon;
				ASSETCATALOG_COMPILER_GLOBAL_ACCENT_COLOR_NAME = AccentColor;
				CODE_SIGN_STYLE = Automatic;
				CURRENT_PROJECT_VERSION = 1;
				DEVELOPMENT_TEAM = 58Q6YM73XT;
				GENERATE_INFOPLIST_FILE = YES;
				INFOPLIST_FILE = tibia/Info.plist;
				INFOPLIST_KEY_UIApplicationSupportsIndirectInputEvents = YES;
				INFOPLIST_KEY_UILaunchStoryboardName = LaunchScreen;
				INFOPLIST_KEY_UISupportedInterfaceOrientations_iPad = "UIInterfaceOrientationPortrait UIInterfaceOrientationPortraitUpsideDown UIInterfaceOrientationLandscapeLeft UIInterfaceOrientationLandscapeRight";
				INFOPLIST_KEY_UISupportedInterfaceOrientations_iPhone = "UIInterfaceOrientationPortrait UIInterfaceOrientationLandscapeLeft UIInterfaceOrientationLandscapeRight";
				IPHONEOS_DEPLOYMENT_TARGET = 16.0;
				LD_RUNPATH_SEARCH_PATHS = (
					"$(inherited)",
					"@executable_path/Frameworks",
				);
				MARKETING_VERSION = 1.0;
				PRODUCT_BUNDLE_IDENTIFIER = com.allexis.tibia;
				PRODUCT_NAME = "$(TARGET_NAME)";
				SWIFT_EMIT_LOC_STRINGS = YES;
				SWIFT_VERSION = 5.0;
				TARGETED_DEVICE_FAMILY = "1,2";
			};
			name = Release;
		};
/* End XCBuildConfiguration section */

/* Begin XCConfigurationList section */
		AD11736729B5521600B6296B /* Build configuration list for PBXProject "tibia" */ = {
			isa = XCConfigurationList;
			buildConfigurations = (
				AD11737E29B5521700B6296B /* Debug */,
				AD11737F29B5521700B6296B /* Release */,
			);
			defaultConfigurationIsVisible = 0;
			defaultConfigurationName = Release;
		};
		AD11738029B5521700B6296B /* Build configuration list for PBXNativeTarget "tibia" */ = {
			isa = XCConfigurationList;
			buildConfigurations = (
				AD11738129B5521700B6296B /* Debug */,
				AD11738229B5521700B6296B /* Release */,
			);
			defaultConfigurationIsVisible = 0;
			defaultConfigurationName = Release;
		};
/* End XCConfigurationList section */
	};
	rootObject = AD11736429B5521600B6296B /* Project object */;
}
